// !$*UTF8*$!
{
	archiveVersion = 1;
	classes = {
	};
	objectVersion = 50;
	objects = {

/* Begin PBXBuildFile section */
		9B7960A224874BC200CB3AB7 /* AppDelegate.swift in Sources */ = {isa = PBXBuildFile; fileRef = 9B7960A124874BC200CB3AB7 /* AppDelegate.swift */; };
		9B7960A424874BC200CB3AB7 /* SceneDelegate.swift in Sources */ = {isa = PBXBuildFile; fileRef = 9B7960A324874BC200CB3AB7 /* SceneDelegate.swift */; };
		9B7960A624874BC200CB3AB7 /* SignUpViewController.swift in Sources */ = {isa = PBXBuildFile; fileRef = 9B7960A524874BC200CB3AB7 /* SignUpViewController.swift */; };
		9B7960A924874BC200CB3AB7 /* Main.storyboard in Resources */ = {isa = PBXBuildFile; fileRef = 9B7960A724874BC200CB3AB7 /* Main.storyboard */; };
		9B7960AB24874BC800CB3AB7 /* Assets.xcassets in Resources */ = {isa = PBXBuildFile; fileRef = 9B7960AA24874BC800CB3AB7 /* Assets.xcassets */; };
		9B7960AE24874BC800CB3AB7 /* LaunchScreen.storyboard in Resources */ = {isa = PBXBuildFile; fileRef = 9B7960AC24874BC800CB3AB7 /* LaunchScreen.storyboard */; };
		9B7960B82488D0F600CB3AB7 /* SignInViewController.swift in Sources */ = {isa = PBXBuildFile; fileRef = 9B7960B72488D0F600CB3AB7 /* SignInViewController.swift */; };
		9B7C5ED824A4631800418A93 /* SignUpViewControllerAutoLayout.swift in Sources */ = {isa = PBXBuildFile; fileRef = 9B7C5ED724A4631800418A93 /* SignUpViewControllerAutoLayout.swift */; };
		9B7C5EFA24A4AF6D00418A93 /* Inter-Bold-slnt=0.ttf in Resources */ = {isa = PBXBuildFile; fileRef = 9B7C5EF824A4AF6D00418A93 /* Inter-Bold-slnt=0.ttf */; };
		9B7C5EFB24A4AF6D00418A93 /* Inter-Regular-slnt=0.ttf in Resources */ = {isa = PBXBuildFile; fileRef = 9B7C5EF924A4AF6D00418A93 /* Inter-Regular-slnt=0.ttf */; };
		9B7C5EFD24A651F400418A93 /* SignInViewControllerAutoLayout.swift in Sources */ = {isa = PBXBuildFile; fileRef = 9B7C5EFC24A651F400418A93 /* SignInViewControllerAutoLayout.swift */; };
		9B994B0924B1CCFB00D640D4 /* GoogleService-Info.plist in Resources */ = {isa = PBXBuildFile; fileRef = 9B994B0824B1CCFB00D640D4 /* GoogleService-Info.plist */; };
		BB40D9B0BA6CE6B891EACCC0 /* Pods_Taxi_Kit.framework in Frameworks */ = {isa = PBXBuildFile; fileRef = D9170D8F29CCD829A9CE4E02 /* Pods_Taxi_Kit.framework */; };
/* End PBXBuildFile section */

/* Begin PBXFileReference section */
		8FCE7A93327A2F041CBBD940 /* Pods-Taxi Kit.debug.xcconfig */ = {isa = PBXFileReference; includeInIndex = 1; lastKnownFileType = text.xcconfig; name = "Pods-Taxi Kit.debug.xcconfig"; path = "Target Support Files/Pods-Taxi Kit/Pods-Taxi Kit.debug.xcconfig"; sourceTree = "<group>"; };
		9B79609E24874BC200CB3AB7 /* Taxi Kit.app */ = {isa = PBXFileReference; explicitFileType = wrapper.application; includeInIndex = 0; path = "Taxi Kit.app"; sourceTree = BUILT_PRODUCTS_DIR; };
		9B7960A124874BC200CB3AB7 /* AppDelegate.swift */ = {isa = PBXFileReference; lastKnownFileType = sourcecode.swift; path = AppDelegate.swift; sourceTree = "<group>"; };
		9B7960A324874BC200CB3AB7 /* SceneDelegate.swift */ = {isa = PBXFileReference; lastKnownFileType = sourcecode.swift; path = SceneDelegate.swift; sourceTree = "<group>"; };
		9B7960A524874BC200CB3AB7 /* SignUpViewController.swift */ = {isa = PBXFileReference; lastKnownFileType = sourcecode.swift; path = SignUpViewController.swift; sourceTree = "<group>"; };
		9B7960A824874BC200CB3AB7 /* Base */ = {isa = PBXFileReference; lastKnownFileType = file.storyboard; name = Base; path = Base.lproj/Main.storyboard; sourceTree = "<group>"; };
		9B7960AA24874BC800CB3AB7 /* Assets.xcassets */ = {isa = PBXFileReference; lastKnownFileType = folder.assetcatalog; path = Assets.xcassets; sourceTree = "<group>"; };
		9B7960AD24874BC800CB3AB7 /* Base */ = {isa = PBXFileReference; lastKnownFileType = file.storyboard; name = Base; path = Base.lproj/LaunchScreen.storyboard; sourceTree = "<group>"; };
		9B7960AF24874BC800CB3AB7 /* Info.plist */ = {isa = PBXFileReference; lastKnownFileType = text.plist.xml; path = Info.plist; sourceTree = "<group>"; };
		9B7960B72488D0F600CB3AB7 /* SignInViewController.swift */ = {isa = PBXFileReference; lastKnownFileType = sourcecode.swift; path = SignInViewController.swift; sourceTree = "<group>"; };
		9B7C5ED724A4631800418A93 /* SignUpViewControllerAutoLayout.swift */ = {isa = PBXFileReference; lastKnownFileType = sourcecode.swift; path = SignUpViewControllerAutoLayout.swift; sourceTree = "<group>"; };
		9B7C5EF824A4AF6D00418A93 /* Inter-Bold-slnt=0.ttf */ = {isa = PBXFileReference; lastKnownFileType = file; path = "Inter-Bold-slnt=0.ttf"; sourceTree = "<group>"; };
		9B7C5EF924A4AF6D00418A93 /* Inter-Regular-slnt=0.ttf */ = {isa = PBXFileReference; lastKnownFileType = file; path = "Inter-Regular-slnt=0.ttf"; sourceTree = "<group>"; };
		9B7C5EFC24A651F400418A93 /* SignInViewControllerAutoLayout.swift */ = {isa = PBXFileReference; lastKnownFileType = sourcecode.swift; path = SignInViewControllerAutoLayout.swift; sourceTree = "<group>"; };
		9B994B0824B1CCFB00D640D4 /* GoogleService-Info.plist */ = {isa = PBXFileReference; fileEncoding = 4; lastKnownFileType = text.plist.xml; path = "GoogleService-Info.plist"; sourceTree = "<group>"; };
		D9170D8F29CCD829A9CE4E02 /* Pods_Taxi_Kit.framework */ = {isa = PBXFileReference; explicitFileType = wrapper.framework; includeInIndex = 0; path = Pods_Taxi_Kit.framework; sourceTree = BUILT_PRODUCTS_DIR; };
		FEB69CD03F9454D900625CE2 /* Pods-Taxi Kit.release.xcconfig */ = {isa = PBXFileReference; includeInIndex = 1; lastKnownFileType = text.xcconfig; name = "Pods-Taxi Kit.release.xcconfig"; path = "Target Support Files/Pods-Taxi Kit/Pods-Taxi Kit.release.xcconfig"; sourceTree = "<group>"; };
/* End PBXFileReference section */

/* Begin PBXFrameworksBuildPhase section */
		9B79609B24874BC100CB3AB7 /* Frameworks */ = {
			isa = PBXFrameworksBuildPhase;
			buildActionMask = 2147483647;
			files = (
				BB40D9B0BA6CE6B891EACCC0 /* Pods_Taxi_Kit.framework in Frameworks */,
			);
			runOnlyForDeploymentPostprocessing = 0;
		};
/* End PBXFrameworksBuildPhase section */

/* Begin PBXGroup section */
		9B79609524874BC100CB3AB7 = {
			isa = PBXGroup;
			children = (
				9B7960A024874BC200CB3AB7 /* Taxi Kit */,
				9B79609F24874BC200CB3AB7 /* Products */,
				9B7C5EF824A4AF6D00418A93 /* Inter-Bold-slnt=0.ttf */,
				9B7C5EF924A4AF6D00418A93 /* Inter-Regular-slnt=0.ttf */,
				C5F77AB51A5FE3856155AB2B /* Pods */,
				CFCD28EE9E508055F4F40F19 /* Frameworks */,
			);
			sourceTree = "<group>";
		};
		9B79609F24874BC200CB3AB7 /* Products */ = {
			isa = PBXGroup;
			children = (
				9B79609E24874BC200CB3AB7 /* Taxi Kit.app */,
			);
			name = Products;
			sourceTree = "<group>";
		};
		9B7960A024874BC200CB3AB7 /* Taxi Kit */ = {
			isa = PBXGroup;
			children = (
				9B7960A124874BC200CB3AB7 /* AppDelegate.swift */,
				9B7960A324874BC200CB3AB7 /* SceneDelegate.swift */,
				9B7960B52488D05700CB3AB7 /* Controllers */,
				9B7960B62488D06800CB3AB7 /* Views */,
				9B7960AA24874BC800CB3AB7 /* Assets.xcassets */,
				9B7960AC24874BC800CB3AB7 /* LaunchScreen.storyboard */,
				9B7960AF24874BC800CB3AB7 /* Info.plist */,
				9B994B0824B1CCFB00D640D4 /* GoogleService-Info.plist */,
			);
			path = "Taxi Kit";
			sourceTree = "<group>";
		};
		9B7960B52488D05700CB3AB7 /* Controllers */ = {
			isa = PBXGroup;
			children = (
				9B7960A524874BC200CB3AB7 /* SignUpViewController.swift */,
				9B7960B72488D0F600CB3AB7 /* SignInViewController.swift */,
				9B7C5ED724A4631800418A93 /* SignUpViewControllerAutoLayout.swift */,
				9B7C5EFC24A651F400418A93 /* SignInViewControllerAutoLayout.swift */,
			);
			path = Controllers;
			sourceTree = "<group>";
		};
		9B7960B62488D06800CB3AB7 /* Views */ = {
			isa = PBXGroup;
			children = (
				9B7960A724874BC200CB3AB7 /* Main.storyboard */,
			);
			path = Views;
			sourceTree = "<group>";
		};
		C5F77AB51A5FE3856155AB2B /* Pods */ = {
			isa = PBXGroup;
			children = (
				8FCE7A93327A2F041CBBD940 /* Pods-Taxi Kit.debug.xcconfig */,
				FEB69CD03F9454D900625CE2 /* Pods-Taxi Kit.release.xcconfig */,
			);
			name = Pods;
			path = Pods;
			sourceTree = "<group>";
		};
		CFCD28EE9E508055F4F40F19 /* Frameworks */ = {
			isa = PBXGroup;
			children = (
				D9170D8F29CCD829A9CE4E02 /* Pods_Taxi_Kit.framework */,
			);
			name = Frameworks;
			sourceTree = "<group>";
		};
/* End PBXGroup section */

/* Begin PBXNativeTarget section */
		9B79609D24874BC100CB3AB7 /* Taxi Kit */ = {
			isa = PBXNativeTarget;
			buildConfigurationList = 9B7960B224874BC800CB3AB7 /* Build configuration list for PBXNativeTarget "Taxi Kit" */;
			buildPhases = (
				B4DECD803DF1700E3CF92C93 /* [CP] Check Pods Manifest.lock */,
				9B79609A24874BC100CB3AB7 /* Sources */,
				9B79609B24874BC100CB3AB7 /* Frameworks */,
				9B79609C24874BC100CB3AB7 /* Resources */,
				BF5280A633E133CD486160D5 /* [CP] Embed Pods Frameworks */,
			);
			buildRules = (
			);
			dependencies = (
			);
			name = "Taxi Kit";
			productName = "Taxi Kit";
			productReference = 9B79609E24874BC200CB3AB7 /* Taxi Kit.app */;
			productType = "com.apple.product-type.application";
		};
/* End PBXNativeTarget section */

/* Begin PBXProject section */
		9B79609624874BC100CB3AB7 /* Project object */ = {
			isa = PBXProject;
			attributes = {
				LastSwiftUpdateCheck = 1150;
				LastUpgradeCheck = 1150;
				ORGANIZATIONNAME = "Sergey Borisov";
				TargetAttributes = {
					9B79609D24874BC100CB3AB7 = {
						CreatedOnToolsVersion = 11.5;
					};
				};
			};
			buildConfigurationList = 9B79609924874BC100CB3AB7 /* Build configuration list for PBXProject "Taxi Kit" */;
			compatibilityVersion = "Xcode 9.3";
			developmentRegion = en;
			hasScannedForEncodings = 0;
			knownRegions = (
				en,
				Base,
			);
			mainGroup = 9B79609524874BC100CB3AB7;
			productRefGroup = 9B79609F24874BC200CB3AB7 /* Products */;
			projectDirPath = "";
			projectRoot = "";
			targets = (
				9B79609D24874BC100CB3AB7 /* Taxi Kit */,
			);
		};
/* End PBXProject section */

/* Begin PBXResourcesBuildPhase section */
		9B79609C24874BC100CB3AB7 /* Resources */ = {
			isa = PBXResourcesBuildPhase;
			buildActionMask = 2147483647;
			files = (
				9B7960AE24874BC800CB3AB7 /* LaunchScreen.storyboard in Resources */,
				9B7960AB24874BC800CB3AB7 /* Assets.xcassets in Resources */,
				9B7960A924874BC200CB3AB7 /* Main.storyboard in Resources */,
				9B7C5EFB24A4AF6D00418A93 /* Inter-Regular-slnt=0.ttf in Resources */,
				9B7C5EFA24A4AF6D00418A93 /* Inter-Bold-slnt=0.ttf in Resources */,
				9B994B0924B1CCFB00D640D4 /* GoogleService-Info.plist in Resources */,
			);
			runOnlyForDeploymentPostprocessing = 0;
		};
/* End PBXResourcesBuildPhase section */

/* Begin PBXShellScriptBuildPhase section */
		B4DECD803DF1700E3CF92C93 /* [CP] Check Pods Manifest.lock */ = {
			isa = PBXShellScriptBuildPhase;
			buildActionMask = 2147483647;
			files = (
			);
			inputFileListPaths = (
			);
			inputPaths = (
				"${PODS_PODFILE_DIR_PATH}/Podfile.lock",
				"${PODS_ROOT}/Manifest.lock",
			);
			name = "[CP] Check Pods Manifest.lock";
			outputFileListPaths = (
			);
			outputPaths = (
				"$(DERIVED_FILE_DIR)/Pods-Taxi Kit-checkManifestLockResult.txt",
			);
			runOnlyForDeploymentPostprocessing = 0;
			shellPath = /bin/sh;
			shellScript = "diff \"${PODS_PODFILE_DIR_PATH}/Podfile.lock\" \"${PODS_ROOT}/Manifest.lock\" > /dev/null\nif [ $? != 0 ] ; then\n    # print error to STDERR\n    echo \"error: The sandbox is not in sync with the Podfile.lock. Run 'pod install' or update your CocoaPods installation.\" >&2\n    exit 1\nfi\n# This output is used by Xcode 'outputs' to avoid re-running this script phase.\necho \"SUCCESS\" > \"${SCRIPT_OUTPUT_FILE_0}\"\n";
			showEnvVarsInLog = 0;
		};
		BF5280A633E133CD486160D5 /* [CP] Embed Pods Frameworks */ = {
			isa = PBXShellScriptBuildPhase;
			buildActionMask = 2147483647;
			files = (
			);
			inputFileListPaths = (
				"${PODS_ROOT}/Target Support Files/Pods-Taxi Kit/Pods-Taxi Kit-frameworks-${CONFIGURATION}-input-files.xcfilelist",
			);
			name = "[CP] Embed Pods Frameworks";
			outputFileListPaths = (
				"${PODS_ROOT}/Target Support Files/Pods-Taxi Kit/Pods-Taxi Kit-frameworks-${CONFIGURATION}-output-files.xcfilelist",
			);
			runOnlyForDeploymentPostprocessing = 0;
			shellPath = /bin/sh;
			shellScript = "\"${PODS_ROOT}/Target Support Files/Pods-Taxi Kit/Pods-Taxi Kit-frameworks.sh\"\n";
			showEnvVarsInLog = 0;
		};
/* End PBXShellScriptBuildPhase section */

/* Begin PBXSourcesBuildPhase section */
		9B79609A24874BC100CB3AB7 /* Sources */ = {
			isa = PBXSourcesBuildPhase;
			buildActionMask = 2147483647;
			files = (
				9B7960B82488D0F600CB3AB7 /* SignInViewController.swift in Sources */,
				9B7960A624874BC200CB3AB7 /* SignUpViewController.swift in Sources */,
				9B7C5ED824A4631800418A93 /* SignUpViewControllerAutoLayout.swift in Sources */,
				9B7960A224874BC200CB3AB7 /* AppDelegate.swift in Sources */,
				9B7960A424874BC200CB3AB7 /* SceneDelegate.swift in Sources */,
				9B7C5EFD24A651F400418A93 /* SignInViewControllerAutoLayout.swift in Sources */,
			);
			runOnlyForDeploymentPostprocessing = 0;
		};
/* End PBXSourcesBuildPhase section */

/* Begin PBXVariantGroup section */
		9B7960A724874BC200CB3AB7 /* Main.storyboard */ = {
			isa = PBXVariantGroup;
			children = (
				9B7960A824874BC200CB3AB7 /* Base */,
			);
			name = Main.storyboard;
			sourceTree = "<group>";
		};
		9B7960AC24874BC800CB3AB7 /* LaunchScreen.storyboard */ = {
			isa = PBXVariantGroup;
			children = (
				9B7960AD24874BC800CB3AB7 /* Base */,
			);
			name = LaunchScreen.storyboard;
			sourceTree = "<group>";
		};
/* End PBXVariantGroup section */

/* Begin XCBuildConfiguration section */
		9B7960B024874BC800CB3AB7 /* Debug */ = {
			isa = XCBuildConfiguration;
			buildSettings = {
				ALWAYS_SEARCH_USER_PATHS = NO;
				CLANG_ANALYZER_NONNULL = YES;
				CLANG_ANALYZER_NUMBER_OBJECT_CONVERSION = YES_AGGRESSIVE;
				CLANG_CXX_LANGUAGE_STANDARD = "gnu++14";
				CLANG_CXX_LIBRARY = "libc++";
				CLANG_ENABLE_MODULES = YES;
				CLANG_ENABLE_OBJC_ARC = YES;
				CLANG_ENABLE_OBJC_WEAK = YES;
				CLANG_WARN_BLOCK_CAPTURE_AUTORELEASING = YES;
				CLANG_WARN_BOOL_CONVERSION = YES;
				CLANG_WARN_COMMA = YES;
				CLANG_WARN_CONSTANT_CONVERSION = YES;
				CLANG_WARN_DEPRECATED_OBJC_IMPLEMENTATIONS = YES;
				CLANG_WARN_DIRECT_OBJC_ISA_USAGE = YES_ERROR;
				CLANG_WARN_DOCUMENTATION_COMMENTS = YES;
				CLANG_WARN_EMPTY_BODY = YES;
				CLANG_WARN_ENUM_CONVERSION = YES;
				CLANG_WARN_INFINITE_RECURSION = YES;
				CLANG_WARN_INT_CONVERSION = YES;
				CLANG_WARN_NON_LITERAL_NULL_CONVERSION = YES;
				CLANG_WARN_OBJC_IMPLICIT_RETAIN_SELF = YES;
				CLANG_WARN_OBJC_LITERAL_CONVERSION = YES;
				CLANG_WARN_OBJC_ROOT_CLASS = YES_ERROR;
				CLANG_WARN_RANGE_LOOP_ANALYSIS = YES;
				CLANG_WARN_STRICT_PROTOTYPES = YES;
				CLANG_WARN_SUSPICIOUS_MOVE = YES;
				CLANG_WARN_UNGUARDED_AVAILABILITY = YES_AGGRESSIVE;
				CLANG_WARN_UNREACHABLE_CODE = YES;
				CLANG_WARN__DUPLICATE_METHOD_MATCH = YES;
				COPY_PHASE_STRIP = NO;
				DEBUG_INFORMATION_FORMAT = dwarf;
				ENABLE_STRICT_OBJC_MSGSEND = YES;
				ENABLE_TESTABILITY = YES;
				GCC_C_LANGUAGE_STANDARD = gnu11;
				GCC_DYNAMIC_NO_PIC = NO;
				GCC_NO_COMMON_BLOCKS = YES;
				GCC_OPTIMIZATION_LEVEL = 0;
				GCC_PREPROCESSOR_DEFINITIONS = (
					"DEBUG=1",
					"$(inherited)",
				);
				GCC_WARN_64_TO_32_BIT_CONVERSION = YES;
				GCC_WARN_ABOUT_RETURN_TYPE = YES_ERROR;
				GCC_WARN_UNDECLARED_SELECTOR = YES;
				GCC_WARN_UNINITIALIZED_AUTOS = YES_AGGRESSIVE;
				GCC_WARN_UNUSED_FUNCTION = YES;
				GCC_WARN_UNUSED_VARIABLE = YES;
				IPHONEOS_DEPLOYMENT_TARGET = 11.0;
				MTL_ENABLE_DEBUG_INFO = INCLUDE_SOURCE;
				MTL_FAST_MATH = YES;
				ONLY_ACTIVE_ARCH = YES;
				SDKROOT = iphoneos;
				SWIFT_ACTIVE_COMPILATION_CONDITIONS = DEBUG;
				SWIFT_OPTIMIZATION_LEVEL = "-Onone";
			};
			name = Debug;
		};
		9B7960B124874BC800CB3AB7 /* Release */ = {
			isa = XCBuildConfiguration;
			buildSettings = {
				ALWAYS_SEARCH_USER_PATHS = NO;
				CLANG_ANALYZER_NONNULL = YES;
				CLANG_ANALYZER_NUMBER_OBJECT_CONVERSION = YES_AGGRESSIVE;
				CLANG_CXX_LANGUAGE_STANDARD = "gnu++14";
				CLANG_CXX_LIBRARY = "libc++";
				CLANG_ENABLE_MODULES = YES;
				CLANG_ENABLE_OBJC_ARC = YES;
				CLANG_ENABLE_OBJC_WEAK = YES;
				CLANG_WARN_BLOCK_CAPTURE_AUTORELEASING = YES;
				CLANG_WARN_BOOL_CONVERSION = YES;
				CLANG_WARN_COMMA = YES;
				CLANG_WARN_CONSTANT_CONVERSION = YES;
				CLANG_WARN_DEPRECATED_OBJC_IMPLEMENTATIONS = YES;
				CLANG_WARN_DIRECT_OBJC_ISA_USAGE = YES_ERROR;
				CLANG_WARN_DOCUMENTATION_COMMENTS = YES;
				CLANG_WARN_EMPTY_BODY = YES;
				CLANG_WARN_ENUM_CONVERSION = YES;
				CLANG_WARN_INFINITE_RECURSION = YES;
				CLANG_WARN_INT_CONVERSION = YES;
				CLANG_WARN_NON_LITERAL_NULL_CONVERSION = YES;
				CLANG_WARN_OBJC_IMPLICIT_RETAIN_SELF = YES;
				CLANG_WARN_OBJC_LITERAL_CONVERSION = YES;
				CLANG_WARN_OBJC_ROOT_CLASS = YES_ERROR;
				CLANG_WARN_RANGE_LOOP_ANALYSIS = YES;
				CLANG_WARN_STRICT_PROTOTYPES = YES;
				CLANG_WARN_SUSPICIOUS_MOVE = YES;
				CLANG_WARN_UNGUARDED_AVAILABILITY = YES_AGGRESSIVE;
				CLANG_WARN_UNREACHABLE_CODE = YES;
				CLANG_WARN__DUPLICATE_METHOD_MATCH = YES;
				COPY_PHASE_STRIP = NO;
				DEBUG_INFORMATION_FORMAT = "dwarf-with-dsym";
				ENABLE_NS_ASSERTIONS = NO;
				ENABLE_STRICT_OBJC_MSGSEND = YES;
				GCC_C_LANGUAGE_STANDARD = gnu11;
				GCC_NO_COMMON_BLOCKS = YES;
				GCC_WARN_64_TO_32_BIT_CONVERSION = YES;
				GCC_WARN_ABOUT_RETURN_TYPE = YES_ERROR;
				GCC_WARN_UNDECLARED_SELECTOR = YES;
				GCC_WARN_UNINITIALIZED_AUTOS = YES_AGGRESSIVE;
				GCC_WARN_UNUSED_FUNCTION = YES;
				GCC_WARN_UNUSED_VARIABLE = YES;
				IPHONEOS_DEPLOYMENT_TARGET = 11.0;
				MTL_ENABLE_DEBUG_INFO = NO;
				MTL_FAST_MATH = YES;
				SDKROOT = iphoneos;
				SWIFT_COMPILATION_MODE = wholemodule;
				SWIFT_OPTIMIZATION_LEVEL = "-O";
				VALIDATE_PRODUCT = YES;
			};
			name = Release;
		};
		9B7960B324874BC800CB3AB7 /* Debug */ = {
			isa = XCBuildConfiguration;
			baseConfigurationReference = 8FCE7A93327A2F041CBBD940 /* Pods-Taxi Kit.debug.xcconfig */;
			buildSettings = {
				ASSETCATALOG_COMPILER_APPICON_NAME = AppIcon;
				CODE_SIGN_STYLE = Automatic;
				DEVELOPMENT_TEAM = HY3A45874N;
				INFOPLIST_FILE = "Taxi Kit/Info.plist";
				LD_RUNPATH_SEARCH_PATHS = (
					"$(inherited)",
					"@executable_path/Frameworks",
				);
				PRODUCT_BUNDLE_IDENTIFIER = "Sergey-Borisov.Taxi-Kit";
				PRODUCT_NAME = "$(TARGET_NAME)";
				SWIFT_VERSION = 5.0;
				TARGETED_DEVICE_FAMILY = "1,2";
			};
			name = Debug;
		};
		9B7960B424874BC800CB3AB7 /* Release */ = {
			isa = XCBuildConfiguration;
			baseConfigurationReference = FEB69CD03F9454D900625CE2 /* Pods-Taxi Kit.release.xcconfig */;
			buildSettings = {
				ASSETCATALOG_COMPILER_APPICON_NAME = AppIcon;
				CODE_SIGN_STYLE = Automatic;
				DEVELOPMENT_TEAM = HY3A45874N;
				INFOPLIST_FILE = "Taxi Kit/Info.plist";
				LD_RUNPATH_SEARCH_PATHS = (
					"$(inherited)",
					"@executable_path/Frameworks",
				);
				PRODUCT_BUNDLE_IDENTIFIER = "Sergey-Borisov.Taxi-Kit";
				PRODUCT_NAME = "$(TARGET_NAME)";
				SWIFT_VERSION = 5.0;
				TARGETED_DEVICE_FAMILY = "1,2";
			};
			name = Release;
		};
/* End XCBuildConfiguration section */

/* Begin XCConfigurationList section */
		9B79609924874BC100CB3AB7 /* Build configuration list for PBXProject "Taxi Kit" */ = {
			isa = XCConfigurationList;
			buildConfigurations = (
				9B7960B024874BC800CB3AB7 /* Debug */,
				9B7960B124874BC800CB3AB7 /* Release */,
			);
			defaultConfigurationIsVisible = 0;
			defaultConfigurationName = Release;
		};
		9B7960B224874BC800CB3AB7 /* Build configuration list for PBXNativeTarget "Taxi Kit" */ = {
			isa = XCConfigurationList;
			buildConfigurations = (
				9B7960B324874BC800CB3AB7 /* Debug */,
				9B7960B424874BC800CB3AB7 /* Release */,
			);
			defaultConfigurationIsVisible = 0;
			defaultConfigurationName = Release;
		};
/* End XCConfigurationList section */
	};
	rootObject = 9B79609624874BC100CB3AB7 /* Project object */;
}
